
Microsoft Visual Studio Solution File, Format Version 12.00
# Visual Studio 15
VisualStudioVersion = 15.0.27703.2035
MinimumVisualStudioVersion = 10.0.40219.1
Project("{8BC9CEB8-8B4A-11D0-8D11-00A0C91BC942}") = "MiniScopeControl", "MiniScopeControl.vcxproj", "{E76C39F5-692E-48DF-80F2-E9F55D7A4065}"
EndProject
Global
	GlobalSection(SolutionConfigurationPlatforms) = preSolution
		Debug|x64 = Debug|x64
		Debug|x86 = Debug|x86
		Release_static|x64 = Release_static|x64
		Release_static|x86 = Release_static|x86
		Release|x64 = Release|x64
		Release|x86 = Release|x86
	EndGlobalSection
	GlobalSection(ProjectConfigurationPlatforms) = postSolution
		{E76C39F5-692E-48DF-80F2-E9F55D7A4065}.Debug|x64.ActiveCfg = Debug|x64
		{E76C39F5-692E-48DF-80F2-E9F55D7A4065}.Debug|x64.Build.0 = Debug|x64
		{E76C39F5-692E-48DF-80F2-E9F55D7A4065}.Debug|x86.ActiveCfg = Debug|Win32
		{E76C39F5-692E-48DF-80F2-E9F55D7A4065}.Debug|x86.Build.0 = Debug|Win32
		{E76C39F5-692E-48DF-80F2-E9F55D7A4065}.Release_static|x64.ActiveCfg = Release_static|x64
		{E76C39F5-692E-48DF-80F2-E9F55D7A4065}.Release_static|x64.Build.0 = Release_static|x64
		{E76C39F5-692E-48DF-80F2-E9F55D7A4065}.Release_static|x86.ActiveCfg = Release_static|Win32
		{E76C39F5-692E-48DF-80F2-E9F55D7A4065}.Release_static|x86.Build.0 = Release_static|Win32
		{E76C39F5-692E-48DF-80F2-E9F55D7A4065}.Release|x64.ActiveCfg = Release|x64
		{E76C39F5-692E-48DF-80F2-E9F55D7A4065}.Release|x64.Build.0 = Release|x64
		{E76C39F5-692E-48DF-80F2-E9F55D7A4065}.Release|x86.ActiveCfg = Release|Win32
		{E76C39F5-692E-48DF-80F2-E9F55D7A4065}.Release|x86.Build.0 = Release|Win32
	EndGlobalSection
	GlobalSection(SolutionProperties) = preSolution
		HideSolutionNode = FALSE
	EndGlobalSection
	GlobalSection(ExtensibilityGlobals) = postSolution
		SolutionGuid = {F9A7F39B-4300-46BF-8C98-B5381F1A804C}
	EndGlobalSection
EndGlobal
